
Microsoft Visual Studio Solution File, Format Version 12.00
# Visual Studio Version 17
VisualStudioVersion = 17.10.35013.160
MinimumVisualStudioVersion = 10.0.40219.1
Project("{FAE04EC0-301F-11D3-BF4B-00C04F79EFBC}") = "T3_Valiente_Sergio_Laulate_Maycol", "T3_Valiente_Sergio_Laulate_Maycol\T3_Valiente_Sergio_Laulate_Maycol.csproj", "{DC3D6B55-6B32-41D2-AF5D-4661D86F78AF}"
EndProject
Global
	GlobalSection(SolutionConfigurationPlatforms) = preSolution
		Debug|Any CPU = Debug|Any CPU
		Release|Any CPU = Release|Any CPU
	EndGlobalSection
	GlobalSection(ProjectConfigurationPlatforms) = postSolution
		{DC3D6B55-6B32-41D2-AF5D-4661D86F78AF}.Debug|Any CPU.ActiveCfg = Debug|Any CPU
		{DC3D6B55-6B32-41D2-AF5D-4661D86F78AF}.Debug|Any CPU.Build.0 = Debug|Any CPU
		{DC3D6B55-6B32-41D2-AF5D-4661D86F78AF}.Release|Any CPU.ActiveCfg = Release|Any CPU
		{DC3D6B55-6B32-41D2-AF5D-4661D86F78AF}.Release|Any CPU.Build.0 = Release|Any CPU
	EndGlobalSection
	GlobalSection(SolutionProperties) = preSolution
		HideSolutionNode = FALSE
	EndGlobalSection
	GlobalSection(ExtensibilityGlobals) = postSolution
		SolutionGuid = {7FC96E35-96BE-4065-A337-FDDC051109FA}
	EndGlobalSection
EndGlobal
